
Microsoft Visual Studio Solution File, Format Version 12.00
# Visual Studio Version 17
VisualStudioVersion = 17.8.34330.188
MinimumVisualStudioVersion = 10.0.40219.1
Project("{2150E333-8FDC-42A3-9474-1A3956D46DE8}") = "Services", "Services", "{729C71C5-B12C-4C6D-973B-8684D3ACDB8B}"
EndProject
Project("{2150E333-8FDC-42A3-9474-1A3956D46DE8}") = "Catalog", "Catalog", "{82CCE6CC-65C5-4BF4-9329-9D2529C2DC1B}"
EndProject
Project("{9A19103F-16F7-4668-BE54-9A1E7A4F7556}") = "MicroShop.Catalog", "Services\Catalog\MicroShop.Catalog\MicroShop.Catalog.csproj", "{44781439-2F85-4320-AD62-9266E735A8F8}"
EndProject
Project("{2150E333-8FDC-42A3-9474-1A3956D46DE8}") = "Discount", "Discount", "{EBAC51AE-0390-4809-8313-461534397F36}"
EndProject
Project("{9A19103F-16F7-4668-BE54-9A1E7A4F7556}") = "MicroShop.Discount", "Services\Discount\MicroShop.Discount\MicroShop.Discount.csproj", "{48D55BC9-6971-42B5-AEDE-8C47F09DD810}"
EndProject
Project("{2150E333-8FDC-42A3-9474-1A3956D46DE8}") = "Order", "Order", "{F676A9B3-8337-43E4-AFE8-9916BEE6FFA3}"
EndProject
Project("{2150E333-8FDC-42A3-9474-1A3956D46DE8}") = "Core", "Core", "{24773D67-B153-4AA2-A400-B473D5EE9881}"
EndProject
Project("{2150E333-8FDC-42A3-9474-1A3956D46DE8}") = "Infrastructure", "Infrastructure", "{2FE057E3-2BF8-4ACE-A22D-2F25D24F9B28}"
EndProject
Project("{2150E333-8FDC-42A3-9474-1A3956D46DE8}") = "Presentation", "Presentation", "{B5CC0F6F-CABF-4B5E-88DF-8D6AD73E2EAD}"
EndProject
Project("{FAE04EC0-301F-11D3-BF4B-00C04F79EFBC}") = "MicroShop.Order.Domain", "services\order\core\MicroShop.Order.Domain\MicroShop.Order.Domain.csproj", "{F998E3C9-176F-4E34-B022-3DACE37753B7}"
EndProject
Project("{FAE04EC0-301F-11D3-BF4B-00C04F79EFBC}") = "MicroShop.Order.Application", "services\order\core\MicroShop.Order.Application\MicroShop.Order.Application.csproj", "{5D48815F-159F-4D67-A97A-2F77145DD541}"
EndProject
Project("{FAE04EC0-301F-11D3-BF4B-00C04F79EFBC}") = "MicroShop.Order.Persistence", "services\order\infrastructure\MicroShop.Order.Persistence\MicroShop.Order.Persistence.csproj", "{FBC2D8B7-6A7B-44AC-ADC2-F3DC98ECDB22}"
EndProject
Project("{FAE04EC0-301F-11D3-BF4B-00C04F79EFBC}") = "MicroShop.Order.WebApi", "services\order\presentation\MicroShop.Order.WebApi\MicroShop.Order.WebApi.csproj", "{99449CAA-D425-42E1-8489-414816CAD357}"
EndProject
Global
	GlobalSection(SolutionConfigurationPlatforms) = preSolution
		Debug|Any CPU = Debug|Any CPU
		Release|Any CPU = Release|Any CPU
	EndGlobalSection
	GlobalSection(ProjectConfigurationPlatforms) = postSolution
		{44781439-2F85-4320-AD62-9266E735A8F8}.Debug|Any CPU.ActiveCfg = Debug|Any CPU
		{44781439-2F85-4320-AD62-9266E735A8F8}.Debug|Any CPU.Build.0 = Debug|Any CPU
		{44781439-2F85-4320-AD62-9266E735A8F8}.Release|Any CPU.ActiveCfg = Release|Any CPU
		{44781439-2F85-4320-AD62-9266E735A8F8}.Release|Any CPU.Build.0 = Release|Any CPU
		{48D55BC9-6971-42B5-AEDE-8C47F09DD810}.Debug|Any CPU.ActiveCfg = Debug|Any CPU
		{48D55BC9-6971-42B5-AEDE-8C47F09DD810}.Debug|Any CPU.Build.0 = Debug|Any CPU
		{48D55BC9-6971-42B5-AEDE-8C47F09DD810}.Release|Any CPU.ActiveCfg = Release|Any CPU
		{48D55BC9-6971-42B5-AEDE-8C47F09DD810}.Release|Any CPU.Build.0 = Release|Any CPU
		{F998E3C9-176F-4E34-B022-3DACE37753B7}.Debug|Any CPU.ActiveCfg = Debug|Any CPU
		{F998E3C9-176F-4E34-B022-3DACE37753B7}.Debug|Any CPU.Build.0 = Debug|Any CPU
		{F998E3C9-176F-4E34-B022-3DACE37753B7}.Release|Any CPU.ActiveCfg = Release|Any CPU
		{F998E3C9-176F-4E34-B022-3DACE37753B7}.Release|Any CPU.Build.0 = Release|Any CPU
		{5D48815F-159F-4D67-A97A-2F77145DD541}.Debug|Any CPU.ActiveCfg = Debug|Any CPU
		{5D48815F-159F-4D67-A97A-2F77145DD541}.Debug|Any CPU.Build.0 = Debug|Any CPU
		{5D48815F-159F-4D67-A97A-2F77145DD541}.Release|Any CPU.ActiveCfg = Release|Any CPU
		{5D48815F-159F-4D67-A97A-2F77145DD541}.Release|Any CPU.Build.0 = Release|Any CPU
		{FBC2D8B7-6A7B-44AC-ADC2-F3DC98ECDB22}.Debug|Any CPU.ActiveCfg = Debug|Any CPU
		{FBC2D8B7-6A7B-44AC-ADC2-F3DC98ECDB22}.Debug|Any CPU.Build.0 = Debug|Any CPU
		{FBC2D8B7-6A7B-44AC-ADC2-F3DC98ECDB22}.Release|Any CPU.ActiveCfg = Release|Any CPU
		{FBC2D8B7-6A7B-44AC-ADC2-F3DC98ECDB22}.Release|Any CPU.Build.0 = Release|Any CPU
		{99449CAA-D425-42E1-8489-414816CAD357}.Debug|Any CPU.ActiveCfg = Debug|Any CPU
		{99449CAA-D425-42E1-8489-414816CAD357}.Debug|Any CPU.Build.0 = Debug|Any CPU
		{99449CAA-D425-42E1-8489-414816CAD357}.Release|Any CPU.ActiveCfg = Release|Any CPU
		{99449CAA-D425-42E1-8489-414816CAD357}.Release|Any CPU.Build.0 = Release|Any CPU
	EndGlobalSection
	GlobalSection(SolutionProperties) = preSolution
		HideSolutionNode = FALSE
	EndGlobalSection
	GlobalSection(NestedProjects) = preSolution
		{82CCE6CC-65C5-4BF4-9329-9D2529C2DC1B} = {729C71C5-B12C-4C6D-973B-8684D3ACDB8B}
		{44781439-2F85-4320-AD62-9266E735A8F8} = {82CCE6CC-65C5-4BF4-9329-9D2529C2DC1B}
		{EBAC51AE-0390-4809-8313-461534397F36} = {729C71C5-B12C-4C6D-973B-8684D3ACDB8B}
		{48D55BC9-6971-42B5-AEDE-8C47F09DD810} = {EBAC51AE-0390-4809-8313-461534397F36}
		{F676A9B3-8337-43E4-AFE8-9916BEE6FFA3} = {729C71C5-B12C-4C6D-973B-8684D3ACDB8B}
		{24773D67-B153-4AA2-A400-B473D5EE9881} = {F676A9B3-8337-43E4-AFE8-9916BEE6FFA3}
		{2FE057E3-2BF8-4ACE-A22D-2F25D24F9B28} = {F676A9B3-8337-43E4-AFE8-9916BEE6FFA3}
		{B5CC0F6F-CABF-4B5E-88DF-8D6AD73E2EAD} = {F676A9B3-8337-43E4-AFE8-9916BEE6FFA3}
		{F998E3C9-176F-4E34-B022-3DACE37753B7} = {24773D67-B153-4AA2-A400-B473D5EE9881}
		{5D48815F-159F-4D67-A97A-2F77145DD541} = {24773D67-B153-4AA2-A400-B473D5EE9881}
		{FBC2D8B7-6A7B-44AC-ADC2-F3DC98ECDB22} = {2FE057E3-2BF8-4ACE-A22D-2F25D24F9B28}
		{99449CAA-D425-42E1-8489-414816CAD357} = {B5CC0F6F-CABF-4B5E-88DF-8D6AD73E2EAD}
	EndGlobalSection
	GlobalSection(ExtensibilityGlobals) = postSolution
		SolutionGuid = {8EA1847D-3BE7-471F-BE4A-F936525D2C99}
	EndGlobalSection
EndGlobal
