
Microsoft Visual Studio Solution File, Format Version 12.00
# Visual Studio Version 17
VisualStudioVersion = 17.8.34330.188
MinimumVisualStudioVersion = 10.0.40219.1
Project("{2150E333-8FDC-42A3-9474-1A3956D46DE8}") = "Services", "Services", "{729C71C5-B12C-4C6D-973B-8684D3ACDB8B}"
EndProject
Project("{2150E333-8FDC-42A3-9474-1A3956D46DE8}") = "Catalog", "Catalog", "{82CCE6CC-65C5-4BF4-9329-9D2529C2DC1B}"
EndProject
Project("{FAE04EC0-301F-11D3-BF4B-00C04F79EFBC}") = "MicroShop.Catalog", "Services\Catalog\MicroShop.Catalog\MicroShop.Catalog.csproj", "{44781439-2F85-4320-AD62-9266E735A8F8}"
EndProject
Global
	GlobalSection(SolutionConfigurationPlatforms) = preSolution
		Debug|Any CPU = Debug|Any CPU
		Release|Any CPU = Release|Any CPU
	EndGlobalSection
	GlobalSection(ProjectConfigurationPlatforms) = postSolution
		{44781439-2F85-4320-AD62-9266E735A8F8}.Debug|Any CPU.ActiveCfg = Debug|Any CPU
		{44781439-2F85-4320-AD62-9266E735A8F8}.Debug|Any CPU.Build.0 = Debug|Any CPU
		{44781439-2F85-4320-AD62-9266E735A8F8}.Release|Any CPU.ActiveCfg = Release|Any CPU
		{44781439-2F85-4320-AD62-9266E735A8F8}.Release|Any CPU.Build.0 = Release|Any CPU
	EndGlobalSection
	GlobalSection(SolutionProperties) = preSolution
		HideSolutionNode = FALSE
	EndGlobalSection
	GlobalSection(NestedProjects) = preSolution
		{82CCE6CC-65C5-4BF4-9329-9D2529C2DC1B} = {729C71C5-B12C-4C6D-973B-8684D3ACDB8B}
		{44781439-2F85-4320-AD62-9266E735A8F8} = {82CCE6CC-65C5-4BF4-9329-9D2529C2DC1B}
	EndGlobalSection
	GlobalSection(ExtensibilityGlobals) = postSolution
		SolutionGuid = {8EA1847D-3BE7-471F-BE4A-F936525D2C99}
	EndGlobalSection
EndGlobal
