
Microsoft Visual Studio Solution File, Format Version 12.00
# Visual Studio Version 17
VisualStudioVersion = 17.8.34330.188
MinimumVisualStudioVersion = 10.0.40219.1
Project("{2150E333-8FDC-42A3-9474-1A3956D46DE8}") = "Services", "Services", "{729C71C5-B12C-4C6D-973B-8684D3ACDB8B}"
EndProject
Project("{2150E333-8FDC-42A3-9474-1A3956D46DE8}") = "Catalog", "Catalog", "{82CCE6CC-65C5-4BF4-9329-9D2529C2DC1B}"
EndProject
Project("{9A19103F-16F7-4668-BE54-9A1E7A4F7556}") = "MicroShop.Catalog", "Services\Catalog\MicroShop.Catalog\MicroShop.Catalog.csproj", "{44781439-2F85-4320-AD62-9266E735A8F8}"
EndProject
Project("{2150E333-8FDC-42A3-9474-1A3956D46DE8}") = "Discount", "Discount", "{EBAC51AE-0390-4809-8313-461534397F36}"
EndProject
Project("{9A19103F-16F7-4668-BE54-9A1E7A4F7556}") = "MicroShop.Discount", "Services\Discount\MicroShop.Discount\MicroShop.Discount.csproj", "{48D55BC9-6971-42B5-AEDE-8C47F09DD810}"
EndProject
Project("{2150E333-8FDC-42A3-9474-1A3956D46DE8}") = "Order", "Order", "{F676A9B3-8337-43E4-AFE8-9916BEE6FFA3}"
EndProject
Project("{2150E333-8FDC-42A3-9474-1A3956D46DE8}") = "Core", "Core", "{24773D67-B153-4AA2-A400-B473D5EE9881}"
EndProject
Project("{2150E333-8FDC-42A3-9474-1A3956D46DE8}") = "Infrastructure", "Infrastructure", "{2FE057E3-2BF8-4ACE-A22D-2F25D24F9B28}"
EndProject
Project("{2150E333-8FDC-42A3-9474-1A3956D46DE8}") = "Presentation", "Presentation", "{B5CC0F6F-CABF-4B5E-88DF-8D6AD73E2EAD}"
EndProject
Project("{9A19103F-16F7-4668-BE54-9A1E7A4F7556}") = "MicroShop.Order.Domain", "services\order\core\MicroShop.Order.Domain\MicroShop.Order.Domain.csproj", "{F998E3C9-176F-4E34-B022-3DACE37753B7}"
EndProject
Project("{9A19103F-16F7-4668-BE54-9A1E7A4F7556}") = "MicroShop.Order.Application", "services\order\core\MicroShop.Order.Application\MicroShop.Order.Application.csproj", "{5D48815F-159F-4D67-A97A-2F77145DD541}"
EndProject
Project("{9A19103F-16F7-4668-BE54-9A1E7A4F7556}") = "MicroShop.Order.Persistence", "services\order\infrastructure\MicroShop.Order.Persistence\MicroShop.Order.Persistence.csproj", "{FBC2D8B7-6A7B-44AC-ADC2-F3DC98ECDB22}"
EndProject
Project("{9A19103F-16F7-4668-BE54-9A1E7A4F7556}") = "MicroShop.Order.WebApi", "services\order\presentation\MicroShop.Order.WebApi\MicroShop.Order.WebApi.csproj", "{99449CAA-D425-42E1-8489-414816CAD357}"
EndProject
Project("{2150E333-8FDC-42A3-9474-1A3956D46DE8}") = "IdentityServer", "IdentityServer", "{11189103-39C9-425B-A63F-951AD7C145A0}"
EndProject
Project("{9A19103F-16F7-4668-BE54-9A1E7A4F7556}") = "MicroShop.IdentityServer", "IdentityServer\MicroShop.IdentityServer\MicroShop.IdentityServer.csproj", "{1F8AA1C4-AC9C-469E-B56C-CE604769D8DD}"
EndProject
Project("{2150E333-8FDC-42A3-9474-1A3956D46DE8}") = "Cargo", "Cargo", "{B21BE4A1-DD15-41B6-9F88-1C878BA72D45}"
EndProject
Project("{9A19103F-16F7-4668-BE54-9A1E7A4F7556}") = "MicroShop.Cargo.Business", "Services\Cargo\MicroShop.Cargo.Business\MicroShop.Cargo.Business.csproj", "{E5CE7B54-97D5-447C-9B2F-E27433389A39}"
EndProject
Project("{9A19103F-16F7-4668-BE54-9A1E7A4F7556}") = "MicroShop.Cargo.EntityLayer", "Services\Cargo\MicroShop.Cargo.EntityLayer\MicroShop.Cargo.EntityLayer.csproj", "{2B623178-9C7B-4514-9D36-A185BF9A004A}"
EndProject
Project("{9A19103F-16F7-4668-BE54-9A1E7A4F7556}") = "MicroShop.Cargo.DAL", "Services\Cargo\MicroShop.Cargo.DAL\MicroShop.Cargo.DAL.csproj", "{206742A3-165B-414E-A068-97F8D2BACF53}"
EndProject
Project("{9A19103F-16F7-4668-BE54-9A1E7A4F7556}") = "MicroShop.Cargo.DtoLayer", "Services\Cargo\MicroShop.Cargo.DtoLayer\MicroShop.Cargo.DtoLayer.csproj", "{4C9C9B5D-8099-4F38-8459-8D2D07DFE309}"
EndProject
Project("{9A19103F-16F7-4668-BE54-9A1E7A4F7556}") = "MicroShop.Cargo.WebApi", "Services\Cargo\MicroShop.Cargo.WebApi\MicroShop.Cargo.WebApi.csproj", "{E8C6E836-4F97-4C61-8F0E-4C006E26A349}"
EndProject
Project("{2150E333-8FDC-42A3-9474-1A3956D46DE8}") = "Basket", "Basket", "{C3DF6FF6-94B9-4A03-8D07-2A5A4B8B2747}"
EndProject
Project("{FAE04EC0-301F-11D3-BF4B-00C04F79EFBC}") = "MicroShop.Basket", "Services\Basket\MicroShop.Basket\MicroShop.Basket.csproj", "{18F1FDB0-066B-42E9-AA27-89D0F7A0428A}"
EndProject
Project("{2150E333-8FDC-42A3-9474-1A3956D46DE8}") = "FrontEnd", "FrontEnd", "{F17A91F7-7982-4D56-ABF1-666E3EDA78D4}"
EndProject
Project("{FAE04EC0-301F-11D3-BF4B-00C04F79EFBC}") = "MicroShop.WebUI", "FrontEnd\MicroShop.WebUI\MicroShop.WebUI.csproj", "{F42BBC05-9A65-4888-8D58-BF2C44B9C523}"
EndProject
Global
	GlobalSection(SolutionConfigurationPlatforms) = preSolution
		Debug|Any CPU = Debug|Any CPU
		Release|Any CPU = Release|Any CPU
	EndGlobalSection
	GlobalSection(ProjectConfigurationPlatforms) = postSolution
		{44781439-2F85-4320-AD62-9266E735A8F8}.Debug|Any CPU.ActiveCfg = Debug|Any CPU
		{44781439-2F85-4320-AD62-9266E735A8F8}.Debug|Any CPU.Build.0 = Debug|Any CPU
		{44781439-2F85-4320-AD62-9266E735A8F8}.Release|Any CPU.ActiveCfg = Release|Any CPU
		{44781439-2F85-4320-AD62-9266E735A8F8}.Release|Any CPU.Build.0 = Release|Any CPU
		{48D55BC9-6971-42B5-AEDE-8C47F09DD810}.Debug|Any CPU.ActiveCfg = Debug|Any CPU
		{48D55BC9-6971-42B5-AEDE-8C47F09DD810}.Debug|Any CPU.Build.0 = Debug|Any CPU
		{48D55BC9-6971-42B5-AEDE-8C47F09DD810}.Release|Any CPU.ActiveCfg = Release|Any CPU
		{48D55BC9-6971-42B5-AEDE-8C47F09DD810}.Release|Any CPU.Build.0 = Release|Any CPU
		{F998E3C9-176F-4E34-B022-3DACE37753B7}.Debug|Any CPU.ActiveCfg = Debug|Any CPU
		{F998E3C9-176F-4E34-B022-3DACE37753B7}.Debug|Any CPU.Build.0 = Debug|Any CPU
		{F998E3C9-176F-4E34-B022-3DACE37753B7}.Release|Any CPU.ActiveCfg = Release|Any CPU
		{F998E3C9-176F-4E34-B022-3DACE37753B7}.Release|Any CPU.Build.0 = Release|Any CPU
		{5D48815F-159F-4D67-A97A-2F77145DD541}.Debug|Any CPU.ActiveCfg = Debug|Any CPU
		{5D48815F-159F-4D67-A97A-2F77145DD541}.Debug|Any CPU.Build.0 = Debug|Any CPU
		{5D48815F-159F-4D67-A97A-2F77145DD541}.Release|Any CPU.ActiveCfg = Release|Any CPU
		{5D48815F-159F-4D67-A97A-2F77145DD541}.Release|Any CPU.Build.0 = Release|Any CPU
		{FBC2D8B7-6A7B-44AC-ADC2-F3DC98ECDB22}.Debug|Any CPU.ActiveCfg = Debug|Any CPU
		{FBC2D8B7-6A7B-44AC-ADC2-F3DC98ECDB22}.Debug|Any CPU.Build.0 = Debug|Any CPU
		{FBC2D8B7-6A7B-44AC-ADC2-F3DC98ECDB22}.Release|Any CPU.ActiveCfg = Release|Any CPU
		{FBC2D8B7-6A7B-44AC-ADC2-F3DC98ECDB22}.Release|Any CPU.Build.0 = Release|Any CPU
		{99449CAA-D425-42E1-8489-414816CAD357}.Debug|Any CPU.ActiveCfg = Debug|Any CPU
		{99449CAA-D425-42E1-8489-414816CAD357}.Debug|Any CPU.Build.0 = Debug|Any CPU
		{99449CAA-D425-42E1-8489-414816CAD357}.Release|Any CPU.ActiveCfg = Release|Any CPU
		{99449CAA-D425-42E1-8489-414816CAD357}.Release|Any CPU.Build.0 = Release|Any CPU
		{1F8AA1C4-AC9C-469E-B56C-CE604769D8DD}.Debug|Any CPU.ActiveCfg = Debug|Any CPU
		{1F8AA1C4-AC9C-469E-B56C-CE604769D8DD}.Debug|Any CPU.Build.0 = Debug|Any CPU
		{1F8AA1C4-AC9C-469E-B56C-CE604769D8DD}.Release|Any CPU.ActiveCfg = Release|Any CPU
		{1F8AA1C4-AC9C-469E-B56C-CE604769D8DD}.Release|Any CPU.Build.0 = Release|Any CPU
		{E5CE7B54-97D5-447C-9B2F-E27433389A39}.Debug|Any CPU.ActiveCfg = Debug|Any CPU
		{E5CE7B54-97D5-447C-9B2F-E27433389A39}.Debug|Any CPU.Build.0 = Debug|Any CPU
		{E5CE7B54-97D5-447C-9B2F-E27433389A39}.Release|Any CPU.ActiveCfg = Release|Any CPU
		{E5CE7B54-97D5-447C-9B2F-E27433389A39}.Release|Any CPU.Build.0 = Release|Any CPU
		{2B623178-9C7B-4514-9D36-A185BF9A004A}.Debug|Any CPU.ActiveCfg = Debug|Any CPU
		{2B623178-9C7B-4514-9D36-A185BF9A004A}.Debug|Any CPU.Build.0 = Debug|Any CPU
		{2B623178-9C7B-4514-9D36-A185BF9A004A}.Release|Any CPU.ActiveCfg = Release|Any CPU
		{2B623178-9C7B-4514-9D36-A185BF9A004A}.Release|Any CPU.Build.0 = Release|Any CPU
		{206742A3-165B-414E-A068-97F8D2BACF53}.Debug|Any CPU.ActiveCfg = Debug|Any CPU
		{206742A3-165B-414E-A068-97F8D2BACF53}.Debug|Any CPU.Build.0 = Debug|Any CPU
		{206742A3-165B-414E-A068-97F8D2BACF53}.Release|Any CPU.ActiveCfg = Release|Any CPU
		{206742A3-165B-414E-A068-97F8D2BACF53}.Release|Any CPU.Build.0 = Release|Any CPU
		{4C9C9B5D-8099-4F38-8459-8D2D07DFE309}.Debug|Any CPU.ActiveCfg = Debug|Any CPU
		{4C9C9B5D-8099-4F38-8459-8D2D07DFE309}.Debug|Any CPU.Build.0 = Debug|Any CPU
		{4C9C9B5D-8099-4F38-8459-8D2D07DFE309}.Release|Any CPU.ActiveCfg = Release|Any CPU
		{4C9C9B5D-8099-4F38-8459-8D2D07DFE309}.Release|Any CPU.Build.0 = Release|Any CPU
		{E8C6E836-4F97-4C61-8F0E-4C006E26A349}.Debug|Any CPU.ActiveCfg = Debug|Any CPU
		{E8C6E836-4F97-4C61-8F0E-4C006E26A349}.Debug|Any CPU.Build.0 = Debug|Any CPU
		{E8C6E836-4F97-4C61-8F0E-4C006E26A349}.Release|Any CPU.ActiveCfg = Release|Any CPU
		{E8C6E836-4F97-4C61-8F0E-4C006E26A349}.Release|Any CPU.Build.0 = Release|Any CPU
		{18F1FDB0-066B-42E9-AA27-89D0F7A0428A}.Debug|Any CPU.ActiveCfg = Debug|Any CPU
		{18F1FDB0-066B-42E9-AA27-89D0F7A0428A}.Debug|Any CPU.Build.0 = Debug|Any CPU
		{18F1FDB0-066B-42E9-AA27-89D0F7A0428A}.Release|Any CPU.ActiveCfg = Release|Any CPU
		{18F1FDB0-066B-42E9-AA27-89D0F7A0428A}.Release|Any CPU.Build.0 = Release|Any CPU
		{F42BBC05-9A65-4888-8D58-BF2C44B9C523}.Debug|Any CPU.ActiveCfg = Debug|Any CPU
		{F42BBC05-9A65-4888-8D58-BF2C44B9C523}.Debug|Any CPU.Build.0 = Debug|Any CPU
		{F42BBC05-9A65-4888-8D58-BF2C44B9C523}.Release|Any CPU.ActiveCfg = Release|Any CPU
		{F42BBC05-9A65-4888-8D58-BF2C44B9C523}.Release|Any CPU.Build.0 = Release|Any CPU
	EndGlobalSection
	GlobalSection(SolutionProperties) = preSolution
		HideSolutionNode = FALSE
	EndGlobalSection
	GlobalSection(NestedProjects) = preSolution
		{82CCE6CC-65C5-4BF4-9329-9D2529C2DC1B} = {729C71C5-B12C-4C6D-973B-8684D3ACDB8B}
		{44781439-2F85-4320-AD62-9266E735A8F8} = {82CCE6CC-65C5-4BF4-9329-9D2529C2DC1B}
		{EBAC51AE-0390-4809-8313-461534397F36} = {729C71C5-B12C-4C6D-973B-8684D3ACDB8B}
		{48D55BC9-6971-42B5-AEDE-8C47F09DD810} = {EBAC51AE-0390-4809-8313-461534397F36}
		{F676A9B3-8337-43E4-AFE8-9916BEE6FFA3} = {729C71C5-B12C-4C6D-973B-8684D3ACDB8B}
		{24773D67-B153-4AA2-A400-B473D5EE9881} = {F676A9B3-8337-43E4-AFE8-9916BEE6FFA3}
		{2FE057E3-2BF8-4ACE-A22D-2F25D24F9B28} = {F676A9B3-8337-43E4-AFE8-9916BEE6FFA3}
		{B5CC0F6F-CABF-4B5E-88DF-8D6AD73E2EAD} = {F676A9B3-8337-43E4-AFE8-9916BEE6FFA3}
		{F998E3C9-176F-4E34-B022-3DACE37753B7} = {24773D67-B153-4AA2-A400-B473D5EE9881}
		{5D48815F-159F-4D67-A97A-2F77145DD541} = {24773D67-B153-4AA2-A400-B473D5EE9881}
		{FBC2D8B7-6A7B-44AC-ADC2-F3DC98ECDB22} = {2FE057E3-2BF8-4ACE-A22D-2F25D24F9B28}
		{99449CAA-D425-42E1-8489-414816CAD357} = {B5CC0F6F-CABF-4B5E-88DF-8D6AD73E2EAD}
		{1F8AA1C4-AC9C-469E-B56C-CE604769D8DD} = {11189103-39C9-425B-A63F-951AD7C145A0}
		{B21BE4A1-DD15-41B6-9F88-1C878BA72D45} = {729C71C5-B12C-4C6D-973B-8684D3ACDB8B}
		{E5CE7B54-97D5-447C-9B2F-E27433389A39} = {B21BE4A1-DD15-41B6-9F88-1C878BA72D45}
		{2B623178-9C7B-4514-9D36-A185BF9A004A} = {B21BE4A1-DD15-41B6-9F88-1C878BA72D45}
		{206742A3-165B-414E-A068-97F8D2BACF53} = {B21BE4A1-DD15-41B6-9F88-1C878BA72D45}
		{4C9C9B5D-8099-4F38-8459-8D2D07DFE309} = {B21BE4A1-DD15-41B6-9F88-1C878BA72D45}
		{E8C6E836-4F97-4C61-8F0E-4C006E26A349} = {B21BE4A1-DD15-41B6-9F88-1C878BA72D45}
		{C3DF6FF6-94B9-4A03-8D07-2A5A4B8B2747} = {729C71C5-B12C-4C6D-973B-8684D3ACDB8B}
		{18F1FDB0-066B-42E9-AA27-89D0F7A0428A} = {C3DF6FF6-94B9-4A03-8D07-2A5A4B8B2747}
		{F42BBC05-9A65-4888-8D58-BF2C44B9C523} = {F17A91F7-7982-4D56-ABF1-666E3EDA78D4}
	EndGlobalSection
	GlobalSection(ExtensibilityGlobals) = postSolution
		SolutionGuid = {8EA1847D-3BE7-471F-BE4A-F936525D2C99}
	EndGlobalSection
EndGlobal
